
Microsoft Visual Studio Solution File, Format Version 12.00
# Visual Studio Version 17
VisualStudioVersion = 17.6.33829.357
MinimumVisualStudioVersion = 10.0.40219.1
Project("{9A19103F-16F7-4668-BE54-9A1E7A4F7556}") = "DEH-CSV", "DEH-CSV\DEH-CSV.csproj", "{9E9166AE-65CE-41E6-9544-BF8626E3AE7B}"
EndProject
Project("{FAE04EC0-301F-11D3-BF4B-00C04F79EFBC}") = "DEH-CSV.Tests", "DEH-CSV.Tests\DEH-CSV.Tests.csproj", "{15B3BF5C-DCE2-4FDB-B4AE-CADC1D8E65B1}"
EndProject
Global
	GlobalSection(SolutionConfigurationPlatforms) = preSolution
		Debug|Any CPU = Debug|Any CPU
		Release|Any CPU = Release|Any CPU
	EndGlobalSection
	GlobalSection(ProjectConfigurationPlatforms) = postSolution
		{9E9166AE-65CE-41E6-9544-BF8626E3AE7B}.Debug|Any CPU.ActiveCfg = Debug|Any CPU
		{9E9166AE-65CE-41E6-9544-BF8626E3AE7B}.Debug|Any CPU.Build.0 = Debug|Any CPU
		{9E9166AE-65CE-41E6-9544-BF8626E3AE7B}.Release|Any CPU.ActiveCfg = Release|Any CPU
		{9E9166AE-65CE-41E6-9544-BF8626E3AE7B}.Release|Any CPU.Build.0 = Release|Any CPU
		{15B3BF5C-DCE2-4FDB-B4AE-CADC1D8E65B1}.Debug|Any CPU.ActiveCfg = Debug|Any CPU
		{15B3BF5C-DCE2-4FDB-B4AE-CADC1D8E65B1}.Debug|Any CPU.Build.0 = Debug|Any CPU
		{15B3BF5C-DCE2-4FDB-B4AE-CADC1D8E65B1}.Release|Any CPU.ActiveCfg = Release|Any CPU
		{15B3BF5C-DCE2-4FDB-B4AE-CADC1D8E65B1}.Release|Any CPU.Build.0 = Release|Any CPU
	EndGlobalSection
	GlobalSection(SolutionProperties) = preSolution
		HideSolutionNode = FALSE
	EndGlobalSection
	GlobalSection(ExtensibilityGlobals) = postSolution
		SolutionGuid = {5C5501F0-AFB7-49FE-A9A0-9A6062A97BD3}
	EndGlobalSection
EndGlobal
